{
  "nodes": {
    "nixpkgs": {
      "locked": {
        "lastModified": 1743076231,
        "narHash": "sha256-yQugdVfi316qUfqzN8JMaA2vixl+45GxNm4oUfXlbgw=",
        "owner": "NixOS",
        "repo": "nixpkgs",
        "rev": "6c5963357f3c1c840201eda129a99d455074db04",
        "type": "github"
      },
      "original": {
        "owner": "NixOS",
        "ref": "nixpkgs-unstable",
        "repo": "nixpkgs",
        "type": "github"
      }
    },
    "root": {
      "inputs": {
        "nixpkgs": "nixpkgs",
        "treefmt-nix": "treefmt-nix"
      }
    },
    "treefmt-nix": {
      "inputs": {
        "nixpkgs": [
          "nixpkgs"
        ]
      },
      "locked": {
        "lastModified": 1743081648,
        "narHash": "sha256-WRAylyYptt6OX5eCEBWyTwOEqEtD6zt33rlUkr6u3cE=",
        "owner": "numtide",
        "repo": "treefmt-nix",
        "rev": "29a3d7b768c70addce17af0869f6e2bd8f5be4b7",
        "type": "github"
      },
      "original": {
        "owner": "numtide",
        "repo": "treefmt-nix",
        "type": "github"
      }
    }
  },
  "root": "root",
  "version": 7
}
